
Microsoft Visual Studio Solution File, Format Version 12.00
# Visual Studio Version 16
VisualStudioVersion = 16.0.32002.261
MinimumVisualStudioVersion = 10.0.40219.1
Project("{FAE04EC0-301F-11D3-BF4B-00C04F79EFBC}") = "MarketIO.WCF.Host", "MarketIO.WCF.Host\MarketIO.WCF.Host.csproj", "{D79B28DC-6273-400D-B4A0-55BF57E33DA0}"
EndProject
Project("{FAE04EC0-301F-11D3-BF4B-00C04F79EFBC}") = "MarketIO.WCF.Client", "MarketIO.WCF.Client\MarketIO.WCF.Client.csproj", "{571DA5F7-B486-41E3-8BFD-32A6EDCD0B7F}"
EndProject
Project("{FAE04EC0-301F-11D3-BF4B-00C04F79EFBC}") = "WCFStandardClient", "WCFStandardClient\WCFStandardClient.csproj", "{E7028BD9-6C91-42C9-A603-51F349CAE774}"
EndProject
Project("{FAE04EC0-301F-11D3-BF4B-00C04F79EFBC}") = "WCFSettings", "WCFSettings\WCFSettings.csproj", "{676B6B75-E3FB-4CBC-AF58-358E74955F8E}"
EndProject
Project("{FAE04EC0-301F-11D3-BF4B-00C04F79EFBC}") = "MarketIO.WCF.Contracts", "MarketIO.WCF.Contracts\MarketIO.WCF.Contracts.csproj", "{29B0E54A-EA09-4113-833A-108CC0CA9491}"
EndProject
Global
	GlobalSection(SolutionConfigurationPlatforms) = preSolution
		Debug|Any CPU = Debug|Any CPU
		Release|Any CPU = Release|Any CPU
	EndGlobalSection
	GlobalSection(ProjectConfigurationPlatforms) = postSolution
		{D79B28DC-6273-400D-B4A0-55BF57E33DA0}.Debug|Any CPU.ActiveCfg = Debug|Any CPU
		{D79B28DC-6273-400D-B4A0-55BF57E33DA0}.Debug|Any CPU.Build.0 = Debug|Any CPU
		{D79B28DC-6273-400D-B4A0-55BF57E33DA0}.Release|Any CPU.ActiveCfg = Release|Any CPU
		{D79B28DC-6273-400D-B4A0-55BF57E33DA0}.Release|Any CPU.Build.0 = Release|Any CPU
		{571DA5F7-B486-41E3-8BFD-32A6EDCD0B7F}.Debug|Any CPU.ActiveCfg = Debug|Any CPU
		{571DA5F7-B486-41E3-8BFD-32A6EDCD0B7F}.Debug|Any CPU.Build.0 = Debug|Any CPU
		{571DA5F7-B486-41E3-8BFD-32A6EDCD0B7F}.Release|Any CPU.ActiveCfg = Release|Any CPU
		{571DA5F7-B486-41E3-8BFD-32A6EDCD0B7F}.Release|Any CPU.Build.0 = Release|Any CPU
		{E7028BD9-6C91-42C9-A603-51F349CAE774}.Debug|Any CPU.ActiveCfg = Debug|Any CPU
		{E7028BD9-6C91-42C9-A603-51F349CAE774}.Debug|Any CPU.Build.0 = Debug|Any CPU
		{E7028BD9-6C91-42C9-A603-51F349CAE774}.Release|Any CPU.ActiveCfg = Release|Any CPU
		{E7028BD9-6C91-42C9-A603-51F349CAE774}.Release|Any CPU.Build.0 = Release|Any CPU
		{676B6B75-E3FB-4CBC-AF58-358E74955F8E}.Debug|Any CPU.ActiveCfg = Debug|Any CPU
		{676B6B75-E3FB-4CBC-AF58-358E74955F8E}.Debug|Any CPU.Build.0 = Debug|Any CPU
		{676B6B75-E3FB-4CBC-AF58-358E74955F8E}.Release|Any CPU.ActiveCfg = Release|Any CPU
		{676B6B75-E3FB-4CBC-AF58-358E74955F8E}.Release|Any CPU.Build.0 = Release|Any CPU
		{29B0E54A-EA09-4113-833A-108CC0CA9491}.Debug|Any CPU.ActiveCfg = Debug|Any CPU
		{29B0E54A-EA09-4113-833A-108CC0CA9491}.Debug|Any CPU.Build.0 = Debug|Any CPU
		{29B0E54A-EA09-4113-833A-108CC0CA9491}.Release|Any CPU.ActiveCfg = Release|Any CPU
		{29B0E54A-EA09-4113-833A-108CC0CA9491}.Release|Any CPU.Build.0 = Release|Any CPU
	EndGlobalSection
	GlobalSection(SolutionProperties) = preSolution
		HideSolutionNode = FALSE
	EndGlobalSection
	GlobalSection(ExtensibilityGlobals) = postSolution
		SolutionGuid = {6CB39BFB-1B5C-44FA-8528-AE9A21B0E567}
	EndGlobalSection
EndGlobal
